// !$*UTF8*$!
{
	archiveVersion = 1;
	classes = {
	};
	objectVersion = 46;
	objects = {

/* Begin PBXBuildFile section */
		D771CD801E64CA4500C27798 /* AppDelegate.swift in Sources */ = {isa = PBXBuildFile; fileRef = D771CD7F1E64CA4500C27798 /* AppDelegate.swift */; };
		D771CD821E64CA4500C27798 /* ViewController.swift in Sources */ = {isa = PBXBuildFile; fileRef = D771CD811E64CA4500C27798 /* ViewController.swift */; };
		D771CD851E64CA4500C27798 /* Main.storyboard in Resources */ = {isa = PBXBuildFile; fileRef = D771CD831E64CA4500C27798 /* Main.storyboard */; };
		D771CD871E64CA4500C27798 /* Assets.xcassets in Resources */ = {isa = PBXBuildFile; fileRef = D771CD861E64CA4500C27798 /* Assets.xcassets */; };
		D771CD8A1E64CA4500C27798 /* LaunchScreen.storyboard in Resources */ = {isa = PBXBuildFile; fileRef = D771CD881E64CA4500C27798 /* LaunchScreen.storyboard */; };
/* End PBXBuildFile section */

/* Begin PBXFileReference section */
		D771CD7C1E64CA4500C27798 /* StreetChow.app */ = {isa = PBXFileReference; explicitFileType = wrapper.application; includeInIndex = 0; path = StreetChow.app; sourceTree = BUILT_PRODUCTS_DIR; };
		D771CD7F1E64CA4500C27798 /* AppDelegate.swift */ = {isa = PBXFileReference; lastKnownFileType = sourcecode.swift; path = AppDelegate.swift; sourceTree = "<group>"; };
		D771CD811E64CA4500C27798 /* ViewController.swift */ = {isa = PBXFileReference; lastKnownFileType = sourcecode.swift; path = ViewController.swift; sourceTree = "<group>"; };
		D771CD841E64CA4500C27798 /* Base */ = {isa = PBXFileReference; lastKnownFileType = file.storyboard; name = Base; path = Base.lproj/Main.storyboard; sourceTree = "<group>"; };
		D771CD861E64CA4500C27798 /* Assets.xcassets */ = {isa = PBXFileReference; lastKnownFileType = folder.assetcatalog; path = Assets.xcassets; sourceTree = "<group>"; };
		D771CD891E64CA4500C27798 /* Base */ = {isa = PBXFileReference; lastKnownFileType = file.storyboard; name = Base; path = Base.lproj/LaunchScreen.storyboard; sourceTree = "<group>"; };
		D771CD8B1E64CA4500C27798 /* Info.plist */ = {isa = PBXFileReference; lastKnownFileType = text.plist.xml; path = Info.plist; sourceTree = "<group>"; };
/* End PBXFileReference section */

/* Begin PBXFrameworksBuildPhase section */
		D771CD791E64CA4500C27798 /* Frameworks */ = {
			isa = PBXFrameworksBuildPhase;
			buildActionMask = 2147483647;
			files = (
			);
			runOnlyForDeploymentPostprocessing = 0;
		};
/* End PBXFrameworksBuildPhase section */

/* Begin PBXGroup section */
		D771CD731E64CA4500C27798 = {
			isa = PBXGroup;
			children = (
				D771CD7E1E64CA4500C27798 /* StreetChow */,
				D771CD7D1E64CA4500C27798 /* Products */,
			);
			sourceTree = "<group>";
		};
		D771CD7D1E64CA4500C27798 /* Products */ = {
			isa = PBXGroup;
			children = (
				D771CD7C1E64CA4500C27798 /* StreetChow.app */,
			);
			name = Products;
			sourceTree = "<group>";
		};
		D771CD7E1E64CA4500C27798 /* StreetChow */ = {
			isa = PBXGroup;
			children = (
				D771CD7F1E64CA4500C27798 /* AppDelegate.swift */,
				D771CD811E64CA4500C27798 /* ViewController.swift */,
				D771CD831E64CA4500C27798 /* Main.storyboard */,
				D771CD861E64CA4500C27798 /* Assets.xcassets */,
				D771CD881E64CA4500C27798 /* LaunchScreen.storyboard */,
				D771CD8B1E64CA4500C27798 /* Info.plist */,
			);
			path = StreetChow;
			sourceTree = "<group>";
		};
/* End PBXGroup section */

/* Begin PBXNativeTarget section */
		D771CD7B1E64CA4500C27798 /* StreetChow */ = {
			isa = PBXNativeTarget;
			buildConfigurationList = D771CD8E1E64CA4500C27798 /* Build configuration list for PBXNativeTarget "StreetChow" */;
			buildPhases = (
				D771CD781E64CA4500C27798 /* Sources */,
				D771CD791E64CA4500C27798 /* Frameworks */,
				D771CD7A1E64CA4500C27798 /* Resources */,
			);
			buildRules = (
			);
			dependencies = (
			);
			name = StreetChow;
			productName = StreetChow;
			productReference = D771CD7C1E64CA4500C27798 /* StreetChow.app */;
			productType = "com.apple.product-type.application";
		};
/* End PBXNativeTarget section */

/* Begin PBXProject section */
		D771CD741E64CA4500C27798 /* Project object */ = {
			isa = PBXProject;
			attributes = {
				LastSwiftUpdateCheck = 0820;
				LastUpgradeCheck = 0820;
				ORGANIZATIONNAME = dasBeard;
				TargetAttributes = {
					D771CD7B1E64CA4500C27798 = {
						CreatedOnToolsVersion = 8.2.1;
						DevelopmentTeam = K87Q2GTANY;
						ProvisioningStyle = Automatic;
					};
				};
			};
			buildConfigurationList = D771CD771E64CA4500C27798 /* Build configuration list for PBXProject "StreetChow" */;
			compatibilityVersion = "Xcode 3.2";
			developmentRegion = English;
			hasScannedForEncodings = 0;
			knownRegions = (
				en,
				Base,
			);
			mainGroup = D771CD731E64CA4500C27798;
			productRefGroup = D771CD7D1E64CA4500C27798 /* Products */;
			projectDirPath = "";
			projectRoot = "";
			targets = (
				D771CD7B1E64CA4500C27798 /* StreetChow */,
			);
		};
/* End PBXProject section */

/* Begin PBXResourcesBuildPhase section */
		D771CD7A1E64CA4500C27798 /* Resources */ = {
			isa = PBXResourcesBuildPhase;
			buildActionMask = 2147483647;
			files = (
				D771CD8A1E64CA4500C27798 /* LaunchScreen.storyboard in Resources */,
				D771CD871E64CA4500C27798 /* Assets.xcassets in Resources */,
				D771CD851E64CA4500C27798 /* Main.storyboard in Resources */,
			);
			runOnlyForDeploymentPostprocessing = 0;
		};
/* End PBXResourcesBuildPhase section */

/* Begin PBXSourcesBuildPhase section */
		D771CD781E64CA4500C27798 /* Sources */ = {
			isa = PBXSourcesBuildPhase;
			buildActionMask = 2147483647;
			files = (
				D771CD821E64CA4500C27798 /* ViewController.swift in Sources */,
				D771CD801E64CA4500C27798 /* AppDelegate.swift in Sources */,
			);
			runOnlyForDeploymentPostprocessing = 0;
		};
/* End PBXSourcesBuildPhase section */

/* Begin PBXVariantGroup section */
		D771CD831E64CA4500C27798 /* Main.storyboard */ = {
			isa = PBXVariantGroup;
			children = (
				D771CD841E64CA4500C27798 /* Base */,
			);
			name = Main.storyboard;
			sourceTree = "<group>";
		};
		D771CD881E64CA4500C27798 /* LaunchScreen.storyboard */ = {
			isa = PBXVariantGroup;
			children = (
				D771CD891E64CA4500C27798 /* Base */,
			);
			name = LaunchScreen.storyboard;
			sourceTree = "<group>";
		};
/* End PBXVariantGroup section */

/* Begin XCBuildConfiguration section */
		D771CD8C1E64CA4500C27798 /* Debug */ = {
			isa = XCBuildConfiguration;
			buildSettings = {
				ALWAYS_SEARCH_USER_PATHS = NO;
				CLANG_ANALYZER_NONNULL = YES;
				CLANG_CXX_LANGUAGE_STANDARD = "gnu++0x";
				CLANG_CXX_LIBRARY = "libc++";
				CLANG_ENABLE_MODULES = YES;
				CLANG_ENABLE_OBJC_ARC = YES;
				CLANG_WARN_BOOL_CONVERSION = YES;
				CLANG_WARN_CONSTANT_CONVERSION = YES;
				CLANG_WARN_DIRECT_OBJC_ISA_USAGE = YES_ERROR;
				CLANG_WARN_DOCUMENTATION_COMMENTS = YES;
				CLANG_WARN_EMPTY_BODY = YES;
				CLANG_WARN_ENUM_CONVERSION = YES;
				CLANG_WARN_INFINITE_RECURSION = YES;
				CLANG_WARN_INT_CONVERSION = YES;
				CLANG_WARN_OBJC_ROOT_CLASS = YES_ERROR;
				CLANG_WARN_SUSPICIOUS_MOVE = YES;
				CLANG_WARN_UNREACHABLE_CODE = YES;
				CLANG_WARN__DUPLICATE_METHOD_MATCH = YES;
				"CODE_SIGN_IDENTITY[sdk=iphoneos*]" = "iPhone Developer";
				COPY_PHASE_STRIP = NO;
				DEBUG_INFORMATION_FORMAT = dwarf;
				ENABLE_STRICT_OBJC_MSGSEND = YES;
				ENABLE_TESTABILITY = YES;
				GCC_C_LANGUAGE_STANDARD = gnu99;
				GCC_DYNAMIC_NO_PIC = NO;
				GCC_NO_COMMON_BLOCKS = YES;
				GCC_OPTIMIZATION_LEVEL = 0;
				GCC_PREPROCESSOR_DEFINITIONS = (
					"DEBUG=1",
					"$(inherited)",
				);
				GCC_WARN_64_TO_32_BIT_CONVERSION = YES;
				GCC_WARN_ABOUT_RETURN_TYPE = YES_ERROR;
				GCC_WARN_UNDECLARED_SELECTOR = YES;
				GCC_WARN_UNINITIALIZED_AUTOS = YES_AGGRESSIVE;
				GCC_WARN_UNUSED_FUNCTION = YES;
				GCC_WARN_UNUSED_VARIABLE = YES;
				IPHONEOS_DEPLOYMENT_TARGET = 10.2;
				MTL_ENABLE_DEBUG_INFO = YES;
				ONLY_ACTIVE_ARCH = YES;
				SDKROOT = iphoneos;
				SWIFT_ACTIVE_COMPILATION_CONDITIONS = DEBUG;
				SWIFT_OPTIMIZATION_LEVEL = "-Onone";
				TARGETED_DEVICE_FAMILY = "1,2";
			};
			name = Debug;
		};
		D771CD8D1E64CA4500C27798 /* Release */ = {
			isa = XCBuildConfiguration;
			buildSettings = {
				ALWAYS_SEARCH_USER_PATHS = NO;
				CLANG_ANALYZER_NONNULL = YES;
				CLANG_CXX_LANGUAGE_STANDARD = "gnu++0x";
				CLANG_CXX_LIBRARY = "libc++";
				CLANG_ENABLE_MODULES = YES;
				CLANG_ENABLE_OBJC_ARC = YES;
				CLANG_WARN_BOOL_CONVERSION = YES;
				CLANG_WARN_CONSTANT_CONVERSION = YES;
				CLANG_WARN_DIRECT_OBJC_ISA_USAGE = YES_ERROR;
				CLANG_WARN_DOCUMENTATION_COMMENTS = YES;
				CLANG_WARN_EMPTY_BODY = YES;
				CLANG_WARN_ENUM_CONVERSION = YES;
				CLANG_WARN_INFINITE_RECURSION = YES;
				CLANG_WARN_INT_CONVERSION = YES;
				CLANG_WARN_OBJC_ROOT_CLASS = YES_ERROR;
				CLANG_WARN_SUSPICIOUS_MOVE = YES;
				CLANG_WARN_UNREACHABLE_CODE = YES;
				CLANG_WARN__DUPLICATE_METHOD_MATCH = YES;
				"CODE_SIGN_IDENTITY[sdk=iphoneos*]" = "iPhone Developer";
				COPY_PHASE_STRIP = NO;
				DEBUG_INFORMATION_FORMAT = "dwarf-with-dsym";
				ENABLE_NS_ASSERTIONS = NO;
				ENABLE_STRICT_OBJC_MSGSEND = YES;
				GCC_C_LANGUAGE_STANDARD = gnu99;
				GCC_NO_COMMON_BLOCKS = YES;
				GCC_WARN_64_TO_32_BIT_CONVERSION = YES;
				GCC_WARN_ABOUT_RETURN_TYPE = YES_ERROR;
				GCC_WARN_UNDECLARED_SELECTOR = YES;
				GCC_WARN_UNINITIALIZED_AUTOS = YES_AGGRESSIVE;
				GCC_WARN_UNUSED_FUNCTION = YES;
				GCC_WARN_UNUSED_VARIABLE = YES;
				IPHONEOS_DEPLOYMENT_TARGET = 10.2;
				MTL_ENABLE_DEBUG_INFO = NO;
				SDKROOT = iphoneos;
				SWIFT_OPTIMIZATION_LEVEL = "-Owholemodule";
				TARGETED_DEVICE_FAMILY = "1,2";
				VALIDATE_PRODUCT = YES;
			};
			name = Release;
		};
		D771CD8F1E64CA4500C27798 /* Debug */ = {
			isa = XCBuildConfiguration;
			buildSettings = {
				ASSETCATALOG_COMPILER_APPICON_NAME = AppIcon;
				DEVELOPMENT_TEAM = K87Q2GTANY;
				INFOPLIST_FILE = StreetChow/Info.plist;
				LD_RUNPATH_SEARCH_PATHS = "$(inherited) @executable_path/Frameworks";
				PRODUCT_BUNDLE_IDENTIFIER = dasBeard.StreetChow;
				PRODUCT_NAME = "$(TARGET_NAME)";
				SWIFT_VERSION = 3.0;
			};
			name = Debug;
		};
		D771CD901E64CA4500C27798 /* Release */ = {
			isa = XCBuildConfiguration;
			buildSettings = {
				ASSETCATALOG_COMPILER_APPICON_NAME = AppIcon;
				DEVELOPMENT_TEAM = K87Q2GTANY;
				INFOPLIST_FILE = StreetChow/Info.plist;
				LD_RUNPATH_SEARCH_PATHS = "$(inherited) @executable_path/Frameworks";
				PRODUCT_BUNDLE_IDENTIFIER = dasBeard.StreetChow;
				PRODUCT_NAME = "$(TARGET_NAME)";
				SWIFT_VERSION = 3.0;
			};
			name = Release;
		};
/* End XCBuildConfiguration section */

/* Begin XCConfigurationList section */
		D771CD771E64CA4500C27798 /* Build configuration list for PBXProject "StreetChow" */ = {
			isa = XCConfigurationList;
			buildConfigurations = (
				D771CD8C1E64CA4500C27798 /* Debug */,
				D771CD8D1E64CA4500C27798 /* Release */,
			);
			defaultConfigurationIsVisible = 0;
			defaultConfigurationName = Release;
		};
		D771CD8E1E64CA4500C27798 /* Build configuration list for PBXNativeTarget "StreetChow" */ = {
			isa = XCConfigurationList;
			buildConfigurations = (
				D771CD8F1E64CA4500C27798 /* Debug */,
				D771CD901E64CA4500C27798 /* Release */,
			);
			defaultConfigurationIsVisible = 0;
		};
/* End XCConfigurationList section */
	};
	rootObject = D771CD741E64CA4500C27798 /* Project object */;
}
